
Microsoft Visual Studio Solution File, Format Version 12.00
# Visual Studio Version 17
VisualStudioVersion = 17.3.32825.248
MinimumVisualStudioVersion = 10.0.40219.1
Project("{FAE04EC0-301F-11D3-BF4B-00C04F79EFBC}") = "Authenticator", "Authenticator\Authenticator.csproj", "{FAF699F5-0397-4C49-9F49-A8B1586EDF65}"
EndProject
Project("{FAE04EC0-301F-11D3-BF4B-00C04F79EFBC}") = "ServiceProvider", "ServiceProvider\ServiceProvider.csproj", "{F3E70C66-6C9F-4AA7-BFBA-68D9DE671B11}"
EndProject
Project("{FAE04EC0-301F-11D3-BF4B-00C04F79EFBC}") = "Registry", "Registry\Registry.csproj", "{CA8EBD08-1AD9-4C5B-8F31-8EAE5F49D21C}"
EndProject
Project("{FAE04EC0-301F-11D3-BF4B-00C04F79EFBC}") = "ServicePublishingConsoleApp", "ServicePublishingConsoleApp\ServicePublishingConsoleApp.csproj", "{8929185D-7C14-4170-A1DD-4CBBB6A666CF}"
EndProject
Project("{FAE04EC0-301F-11D3-BF4B-00C04F79EFBC}") = "ClientGUIApp", "ClientGUIApp\ClientGUIApp.csproj", "{D761F5E1-CCE8-4F9B-BC67-F6A1E69C4967}"
EndProject
Global
	GlobalSection(SolutionConfigurationPlatforms) = preSolution
		Debug|Any CPU = Debug|Any CPU
		Release|Any CPU = Release|Any CPU
	EndGlobalSection
	GlobalSection(ProjectConfigurationPlatforms) = postSolution
		{FAF699F5-0397-4C49-9F49-A8B1586EDF65}.Debug|Any CPU.ActiveCfg = Debug|Any CPU
		{FAF699F5-0397-4C49-9F49-A8B1586EDF65}.Debug|Any CPU.Build.0 = Debug|Any CPU
		{FAF699F5-0397-4C49-9F49-A8B1586EDF65}.Release|Any CPU.ActiveCfg = Release|Any CPU
		{FAF699F5-0397-4C49-9F49-A8B1586EDF65}.Release|Any CPU.Build.0 = Release|Any CPU
		{F3E70C66-6C9F-4AA7-BFBA-68D9DE671B11}.Debug|Any CPU.ActiveCfg = Debug|Any CPU
		{F3E70C66-6C9F-4AA7-BFBA-68D9DE671B11}.Debug|Any CPU.Build.0 = Debug|Any CPU
		{F3E70C66-6C9F-4AA7-BFBA-68D9DE671B11}.Release|Any CPU.ActiveCfg = Release|Any CPU
		{F3E70C66-6C9F-4AA7-BFBA-68D9DE671B11}.Release|Any CPU.Build.0 = Release|Any CPU
		{CA8EBD08-1AD9-4C5B-8F31-8EAE5F49D21C}.Debug|Any CPU.ActiveCfg = Debug|Any CPU
		{CA8EBD08-1AD9-4C5B-8F31-8EAE5F49D21C}.Debug|Any CPU.Build.0 = Debug|Any CPU
		{CA8EBD08-1AD9-4C5B-8F31-8EAE5F49D21C}.Release|Any CPU.ActiveCfg = Release|Any CPU
		{CA8EBD08-1AD9-4C5B-8F31-8EAE5F49D21C}.Release|Any CPU.Build.0 = Release|Any CPU
		{8929185D-7C14-4170-A1DD-4CBBB6A666CF}.Debug|Any CPU.ActiveCfg = Debug|Any CPU
		{8929185D-7C14-4170-A1DD-4CBBB6A666CF}.Debug|Any CPU.Build.0 = Debug|Any CPU
		{8929185D-7C14-4170-A1DD-4CBBB6A666CF}.Release|Any CPU.ActiveCfg = Release|Any CPU
		{8929185D-7C14-4170-A1DD-4CBBB6A666CF}.Release|Any CPU.Build.0 = Release|Any CPU
		{D761F5E1-CCE8-4F9B-BC67-F6A1E69C4967}.Debug|Any CPU.ActiveCfg = Debug|Any CPU
		{D761F5E1-CCE8-4F9B-BC67-F6A1E69C4967}.Debug|Any CPU.Build.0 = Debug|Any CPU
		{D761F5E1-CCE8-4F9B-BC67-F6A1E69C4967}.Release|Any CPU.ActiveCfg = Release|Any CPU
		{D761F5E1-CCE8-4F9B-BC67-F6A1E69C4967}.Release|Any CPU.Build.0 = Release|Any CPU
	EndGlobalSection
	GlobalSection(SolutionProperties) = preSolution
		HideSolutionNode = FALSE
	EndGlobalSection
	GlobalSection(ExtensibilityGlobals) = postSolution
		SolutionGuid = {D13DB8C4-C152-4F59-821F-C802783960F0}
	EndGlobalSection
EndGlobal
